
Microsoft Visual Studio Solution File, Format Version 12.00
# Visual Studio Version 17
VisualStudioVersion = 17.5.33530.505
MinimumVisualStudioVersion = 10.0.40219.1
Project("{FAE04EC0-301F-11D3-BF4B-00C04F79EFBC}") = "WpfApp1_database_testing", "WpfApp1_database_testing.csproj", "{FB549444-DE87-4683-B62C-C6116AD8B20B}"
EndProject
Global
	GlobalSection(SolutionConfigurationPlatforms) = preSolution
		Debug|Any CPU = Debug|Any CPU
		Release|Any CPU = Release|Any CPU
	EndGlobalSection
	GlobalSection(ProjectConfigurationPlatforms) = postSolution
		{FB549444-DE87-4683-B62C-C6116AD8B20B}.Debug|Any CPU.ActiveCfg = Debug|Any CPU
		{FB549444-DE87-4683-B62C-C6116AD8B20B}.Debug|Any CPU.Build.0 = Debug|Any CPU
		{FB549444-DE87-4683-B62C-C6116AD8B20B}.Release|Any CPU.ActiveCfg = Release|Any CPU
		{FB549444-DE87-4683-B62C-C6116AD8B20B}.Release|Any CPU.Build.0 = Release|Any CPU
	EndGlobalSection
	GlobalSection(SolutionProperties) = preSolution
		HideSolutionNode = FALSE
	EndGlobalSection
	GlobalSection(ExtensibilityGlobals) = postSolution
		SolutionGuid = {36AE3224-F6E5-4D1E-89A8-6BF9D0EB75D8}
	EndGlobalSection
EndGlobal
