
Microsoft Visual Studio Solution File, Format Version 12.00
# Visual Studio Version 17
VisualStudioVersion = 17.10.35013.160
MinimumVisualStudioVersion = 10.0.40219.1
Project("{FAE04EC0-301F-11D3-BF4B-00C04F79EFBC}") = "Builder", "Builder.csproj", "{FF867B7B-E4FC-4D7B-98E2-434D2B64EDA2}"
EndProject
Global
	GlobalSection(SolutionConfigurationPlatforms) = preSolution
		Debug|Any CPU = Debug|Any CPU
		Release|Any CPU = Release|Any CPU
	EndGlobalSection
	GlobalSection(ProjectConfigurationPlatforms) = postSolution
		{FF867B7B-E4FC-4D7B-98E2-434D2B64EDA2}.Debug|Any CPU.ActiveCfg = Debug|Any CPU
		{FF867B7B-E4FC-4D7B-98E2-434D2B64EDA2}.Debug|Any CPU.Build.0 = Debug|Any CPU
		{FF867B7B-E4FC-4D7B-98E2-434D2B64EDA2}.Release|Any CPU.ActiveCfg = Release|Any CPU
		{FF867B7B-E4FC-4D7B-98E2-434D2B64EDA2}.Release|Any CPU.Build.0 = Release|Any CPU
	EndGlobalSection
	GlobalSection(SolutionProperties) = preSolution
		HideSolutionNode = FALSE
	EndGlobalSection
	GlobalSection(ExtensibilityGlobals) = postSolution
		SolutionGuid = {AB541D52-D54E-41E2-959D-2FCAF39D4317}
	EndGlobalSection
EndGlobal
